
Microsoft Visual Studio Solution File, Format Version 12.00
# Visual Studio 15
VisualStudioVersion = 15.0.28010.2050
MinimumVisualStudioVersion = 10.0.40219.1
Project("{FAE04EC0-301F-11D3-BF4B-00C04F79EFBC}") = "Farm", "Farm\Farm.csproj", "{5BE64FF1-13BF-428E-B283-2D3FDBE8FB9B}"
EndProject
Global
	GlobalSection(SolutionConfigurationPlatforms) = preSolution
		Debug|Any CPU = Debug|Any CPU
		Release|Any CPU = Release|Any CPU
	EndGlobalSection
	GlobalSection(ProjectConfigurationPlatforms) = postSolution
		{5BE64FF1-13BF-428E-B283-2D3FDBE8FB9B}.Debug|Any CPU.ActiveCfg = Debug|Any CPU
		{5BE64FF1-13BF-428E-B283-2D3FDBE8FB9B}.Debug|Any CPU.Build.0 = Debug|Any CPU
		{5BE64FF1-13BF-428E-B283-2D3FDBE8FB9B}.Release|Any CPU.ActiveCfg = Release|Any CPU
		{5BE64FF1-13BF-428E-B283-2D3FDBE8FB9B}.Release|Any CPU.Build.0 = Release|Any CPU
	EndGlobalSection
	GlobalSection(SolutionProperties) = preSolution
		HideSolutionNode = FALSE
	EndGlobalSection
	GlobalSection(ExtensibilityGlobals) = postSolution
		SolutionGuid = {48B44E60-B441-4595-85BC-5D1E4C56DE29}
	EndGlobalSection
EndGlobal
